
Microsoft Visual Studio Solution File, Format Version 12.00
# Visual Studio Version 17
VisualStudioVersion = 17.14.37710.0 d17.14
MinimumVisualStudioVersion = 10.0.40219.1
Project("{FAE04EC0-301F-11D3-BF4B-00C04F79EFBC}") = "Assignments_1", "Assignments_1\Assignments_1.csproj", "{0A24113C-9D8F-485F-A50D-B6FEEB7EC3D3}"
EndProject
Global
	GlobalSection(SolutionConfigurationPlatforms) = preSolution
		Debug|Any CPU = Debug|Any CPU
		Release|Any CPU = Release|Any CPU
	EndGlobalSection
	GlobalSection(ProjectConfigurationPlatforms) = postSolution
		{0A24113C-9D8F-485F-A50D-B6FEEB7EC3D3}.Debug|Any CPU.ActiveCfg = Debug|Any CPU
		{0A24113C-9D8F-485F-A50D-B6FEEB7EC3D3}.Debug|Any CPU.Build.0 = Debug|Any CPU
		{0A24113C-9D8F-485F-A50D-B6FEEB7EC3D3}.Release|Any CPU.ActiveCfg = Release|Any CPU
		{0A24113C-9D8F-485F-A50D-B6FEEB7EC3D3}.Release|Any CPU.Build.0 = Release|Any CPU
	EndGlobalSection
	GlobalSection(SolutionProperties) = preSolution
		HideSolutionNode = FALSE
	EndGlobalSection
	GlobalSection(ExtensibilityGlobals) = postSolution
		SolutionGuid = {C801CED5-92EA-4646-A99D-738BE708932C}
	EndGlobalSection
EndGlobal
