
Microsoft Visual Studio Solution File, Format Version 12.00
# Visual Studio Version 17
VisualStudioVersion = 17.14.37710.0 d17.14
MinimumVisualStudioVersion = 10.0.40219.1
Project("{FAE04EC0-301F-11D3-BF4B-00C04F79EFBC}") = "homework_ca242", "homework_ca242\homework_ca242.csproj", "{760E81FB-0ABC-4328-8510-670334B4C940}"
EndProject
Global
	GlobalSection(SolutionConfigurationPlatforms) = preSolution
		Debug|Any CPU = Debug|Any CPU
		Release|Any CPU = Release|Any CPU
	EndGlobalSection
	GlobalSection(ProjectConfigurationPlatforms) = postSolution
		{760E81FB-0ABC-4328-8510-670334B4C940}.Debug|Any CPU.ActiveCfg = Debug|Any CPU
		{760E81FB-0ABC-4328-8510-670334B4C940}.Debug|Any CPU.Build.0 = Debug|Any CPU
		{760E81FB-0ABC-4328-8510-670334B4C940}.Release|Any CPU.ActiveCfg = Release|Any CPU
		{760E81FB-0ABC-4328-8510-670334B4C940}.Release|Any CPU.Build.0 = Release|Any CPU
	EndGlobalSection
	GlobalSection(SolutionProperties) = preSolution
		HideSolutionNode = FALSE
	EndGlobalSection
	GlobalSection(ExtensibilityGlobals) = postSolution
		SolutionGuid = {50A99DFA-923A-43D9-8ABB-82BED41CD214}
	EndGlobalSection
EndGlobal
