
Microsoft Visual Studio Solution File, Format Version 12.00
# Visual Studio Version 17
VisualStudioVersion = 17.14.37710.0 d17.14
MinimumVisualStudioVersion = 10.0.40219.1
Project("{FAE04EC0-301F-11D3-BF4B-00C04F79EFBC}") = "Payroll", "Payroll\Payroll.csproj", "{AFFA7FD4-0B6E-4C1B-AFAC-B162F67EBD12}"
EndProject
Global
	GlobalSection(SolutionConfigurationPlatforms) = preSolution
		Debug|Any CPU = Debug|Any CPU
		Release|Any CPU = Release|Any CPU
	EndGlobalSection
	GlobalSection(ProjectConfigurationPlatforms) = postSolution
		{AFFA7FD4-0B6E-4C1B-AFAC-B162F67EBD12}.Debug|Any CPU.ActiveCfg = Debug|Any CPU
		{AFFA7FD4-0B6E-4C1B-AFAC-B162F67EBD12}.Debug|Any CPU.Build.0 = Debug|Any CPU
		{AFFA7FD4-0B6E-4C1B-AFAC-B162F67EBD12}.Release|Any CPU.ActiveCfg = Release|Any CPU
		{AFFA7FD4-0B6E-4C1B-AFAC-B162F67EBD12}.Release|Any CPU.Build.0 = Release|Any CPU
	EndGlobalSection
	GlobalSection(SolutionProperties) = preSolution
		HideSolutionNode = FALSE
	EndGlobalSection
	GlobalSection(ExtensibilityGlobals) = postSolution
		SolutionGuid = {D47357F0-67A5-4078-939C-81CED0D42FE3}
	EndGlobalSection
EndGlobal
